// !$*UTF8*$!
{
	archiveVersion = 1;
	classes = {
	};
	objectVersion = 55;
	objects = {

/* Begin PBXBuildFile section */
		3C4487052791AD2800D1324D /* AppDelegate.swift in Sources */ = {isa = PBXBuildFile; fileRef = 3C4487042791AD2800D1324D /* AppDelegate.swift */; };
		3C4487092791AD2800D1324D /* ViewController.swift in Sources */ = {isa = PBXBuildFile; fileRef = 3C4487082791AD2800D1324D /* ViewController.swift */; };
		3C44870E2791AD2900D1324D /* Assets.xcassets in Resources */ = {isa = PBXBuildFile; fileRef = 3C44870D2791AD2900D1324D /* Assets.xcassets */; };
		3C4487112791AD2900D1324D /* LaunchScreen.storyboard in Resources */ = {isa = PBXBuildFile; fileRef = 3C44870F2791AD2900D1324D /* LaunchScreen.storyboard */; };
		3C44871C2791AD2900D1324D /* ChatAppTests.swift in Sources */ = {isa = PBXBuildFile; fileRef = 3C44871B2791AD2900D1324D /* ChatAppTests.swift */; };
		3C4487262791AD2900D1324D /* ChatAppUITests.swift in Sources */ = {isa = PBXBuildFile; fileRef = 3C4487252791AD2900D1324D /* ChatAppUITests.swift */; };
		3C4487282791AD2900D1324D /* ChatAppUITestsLaunchTests.swift in Sources */ = {isa = PBXBuildFile; fileRef = 3C4487272791AD2900D1324D /* ChatAppUITestsLaunchTests.swift */; };
		3C4487362791AF1A00D1324D /* ModernRIBs in Frameworks */ = {isa = PBXBuildFile; productRef = 3C4487352791AF1A00D1324D /* ModernRIBs */; };
		3C4487392791AF3300D1324D /* KarrotFlex in Frameworks */ = {isa = PBXBuildFile; productRef = 3C4487382791AF3300D1324D /* KarrotFlex */; };
/* End PBXBuildFile section */

/* Begin PBXContainerItemProxy section */
		3C4487182791AD2900D1324D /* PBXContainerItemProxy */ = {
			isa = PBXContainerItemProxy;
			containerPortal = 3C4486F92791AD2700D1324D /* Project object */;
			proxyType = 1;
			remoteGlobalIDString = 3C4487002791AD2800D1324D;
			remoteInfo = ChatApp;
		};
		3C4487222791AD2900D1324D /* PBXContainerItemProxy */ = {
			isa = PBXContainerItemProxy;
			containerPortal = 3C4486F92791AD2700D1324D /* Project object */;
			proxyType = 1;
			remoteGlobalIDString = 3C4487002791AD2800D1324D;
			remoteInfo = ChatApp;
		};
/* End PBXContainerItemProxy section */

/* Begin PBXFileReference section */
		3C4487012791AD2800D1324D /* ChatApp.app */ = {isa = PBXFileReference; explicitFileType = wrapper.application; includeInIndex = 0; path = ChatApp.app; sourceTree = BUILT_PRODUCTS_DIR; };
		3C4487042791AD2800D1324D /* AppDelegate.swift */ = {isa = PBXFileReference; lastKnownFileType = sourcecode.swift; path = AppDelegate.swift; sourceTree = "<group>"; };
		3C4487082791AD2800D1324D /* ViewController.swift */ = {isa = PBXFileReference; lastKnownFileType = sourcecode.swift; path = ViewController.swift; sourceTree = "<group>"; };
		3C44870D2791AD2900D1324D /* Assets.xcassets */ = {isa = PBXFileReference; lastKnownFileType = folder.assetcatalog; path = Assets.xcassets; sourceTree = "<group>"; };
		3C4487102791AD2900D1324D /* Base */ = {isa = PBXFileReference; lastKnownFileType = file.storyboard; name = Base; path = Base.lproj/LaunchScreen.storyboard; sourceTree = "<group>"; };
		3C4487122791AD2900D1324D /* Info.plist */ = {isa = PBXFileReference; lastKnownFileType = text.plist.xml; path = Info.plist; sourceTree = "<group>"; };
		3C4487172791AD2900D1324D /* ChatAppTests.xctest */ = {isa = PBXFileReference; explicitFileType = wrapper.cfbundle; includeInIndex = 0; path = ChatAppTests.xctest; sourceTree = BUILT_PRODUCTS_DIR; };
		3C44871B2791AD2900D1324D /* ChatAppTests.swift */ = {isa = PBXFileReference; lastKnownFileType = sourcecode.swift; path = ChatAppTests.swift; sourceTree = "<group>"; };
		3C4487212791AD2900D1324D /* ChatAppUITests.xctest */ = {isa = PBXFileReference; explicitFileType = wrapper.cfbundle; includeInIndex = 0; path = ChatAppUITests.xctest; sourceTree = BUILT_PRODUCTS_DIR; };
		3C4487252791AD2900D1324D /* ChatAppUITests.swift */ = {isa = PBXFileReference; lastKnownFileType = sourcecode.swift; path = ChatAppUITests.swift; sourceTree = "<group>"; };
		3C4487272791AD2900D1324D /* ChatAppUITestsLaunchTests.swift */ = {isa = PBXFileReference; lastKnownFileType = sourcecode.swift; path = ChatAppUITestsLaunchTests.swift; sourceTree = "<group>"; };
/* End PBXFileReference section */

/* Begin PBXFrameworksBuildPhase section */
		3C4486FE2791AD2800D1324D /* Frameworks */ = {
			isa = PBXFrameworksBuildPhase;
			buildActionMask = 2147483647;
			files = (
				3C4487392791AF3300D1324D /* KarrotFlex in Frameworks */,
				3C4487362791AF1A00D1324D /* ModernRIBs in Frameworks */,
			);
			runOnlyForDeploymentPostprocessing = 0;
		};
		3C4487142791AD2900D1324D /* Frameworks */ = {
			isa = PBXFrameworksBuildPhase;
			buildActionMask = 2147483647;
			files = (
			);
			runOnlyForDeploymentPostprocessing = 0;
		};
		3C44871E2791AD2900D1324D /* Frameworks */ = {
			isa = PBXFrameworksBuildPhase;
			buildActionMask = 2147483647;
			files = (
			);
			runOnlyForDeploymentPostprocessing = 0;
		};
/* End PBXFrameworksBuildPhase section */

/* Begin PBXGroup section */
		3C4486F82791AD2700D1324D = {
			isa = PBXGroup;
			children = (
				3C4487032791AD2800D1324D /* ChatApp */,
				3C44871A2791AD2900D1324D /* ChatAppTests */,
				3C4487242791AD2900D1324D /* ChatAppUITests */,
				3C4487022791AD2800D1324D /* Products */,
			);
			sourceTree = "<group>";
		};
		3C4487022791AD2800D1324D /* Products */ = {
			isa = PBXGroup;
			children = (
				3C4487012791AD2800D1324D /* ChatApp.app */,
				3C4487172791AD2900D1324D /* ChatAppTests.xctest */,
				3C4487212791AD2900D1324D /* ChatAppUITests.xctest */,
			);
			name = Products;
			sourceTree = "<group>";
		};
		3C4487032791AD2800D1324D /* ChatApp */ = {
			isa = PBXGroup;
			children = (
				3C4487042791AD2800D1324D /* AppDelegate.swift */,
				3C4487082791AD2800D1324D /* ViewController.swift */,
				3C44870D2791AD2900D1324D /* Assets.xcassets */,
				3C44870F2791AD2900D1324D /* LaunchScreen.storyboard */,
				3C4487122791AD2900D1324D /* Info.plist */,
			);
			path = ChatApp;
			sourceTree = "<group>";
		};
		3C44871A2791AD2900D1324D /* ChatAppTests */ = {
			isa = PBXGroup;
			children = (
				3C44871B2791AD2900D1324D /* ChatAppTests.swift */,
			);
			path = ChatAppTests;
			sourceTree = "<group>";
		};
		3C4487242791AD2900D1324D /* ChatAppUITests */ = {
			isa = PBXGroup;
			children = (
				3C4487252791AD2900D1324D /* ChatAppUITests.swift */,
				3C4487272791AD2900D1324D /* ChatAppUITestsLaunchTests.swift */,
			);
			path = ChatAppUITests;
			sourceTree = "<group>";
		};
/* End PBXGroup section */

/* Begin PBXNativeTarget section */
		3C4487002791AD2800D1324D /* ChatApp */ = {
			isa = PBXNativeTarget;
			buildConfigurationList = 3C44872B2791AD2900D1324D /* Build configuration list for PBXNativeTarget "ChatApp" */;
			buildPhases = (
				3C4486FD2791AD2800D1324D /* Sources */,
				3C4486FE2791AD2800D1324D /* Frameworks */,
				3C4486FF2791AD2800D1324D /* Resources */,
			);
			buildRules = (
			);
			dependencies = (
			);
			name = ChatApp;
			packageProductDependencies = (
				3C4487352791AF1A00D1324D /* ModernRIBs */,
				3C4487382791AF3300D1324D /* KarrotFlex */,
			);
			productName = ChatApp;
			productReference = 3C4487012791AD2800D1324D /* ChatApp.app */;
			productType = "com.apple.product-type.application";
		};
		3C4487162791AD2900D1324D /* ChatAppTests */ = {
			isa = PBXNativeTarget;
			buildConfigurationList = 3C44872E2791AD2900D1324D /* Build configuration list for PBXNativeTarget "ChatAppTests" */;
			buildPhases = (
				3C4487132791AD2900D1324D /* Sources */,
				3C4487142791AD2900D1324D /* Frameworks */,
				3C4487152791AD2900D1324D /* Resources */,
			);
			buildRules = (
			);
			dependencies = (
				3C4487192791AD2900D1324D /* PBXTargetDependency */,
			);
			name = ChatAppTests;
			productName = ChatAppTests;
			productReference = 3C4487172791AD2900D1324D /* ChatAppTests.xctest */;
			productType = "com.apple.product-type.bundle.unit-test";
		};
		3C4487202791AD2900D1324D /* ChatAppUITests */ = {
			isa = PBXNativeTarget;
			buildConfigurationList = 3C4487312791AD2900D1324D /* Build configuration list for PBXNativeTarget "ChatAppUITests" */;
			buildPhases = (
				3C44871D2791AD2900D1324D /* Sources */,
				3C44871E2791AD2900D1324D /* Frameworks */,
				3C44871F2791AD2900D1324D /* Resources */,
			);
			buildRules = (
			);
			dependencies = (
				3C4487232791AD2900D1324D /* PBXTargetDependency */,
			);
			name = ChatAppUITests;
			productName = ChatAppUITests;
			productReference = 3C4487212791AD2900D1324D /* ChatAppUITests.xctest */;
			productType = "com.apple.product-type.bundle.ui-testing";
		};
/* End PBXNativeTarget section */

/* Begin PBXProject section */
		3C4486F92791AD2700D1324D /* Project object */ = {
			isa = PBXProject;
			attributes = {
				BuildIndependentTargetsInParallel = 1;
				LastSwiftUpdateCheck = 1320;
				LastUpgradeCheck = 1320;
				TargetAttributes = {
					3C4487002791AD2800D1324D = {
						CreatedOnToolsVersion = 13.2.1;
					};
					3C4487162791AD2900D1324D = {
						CreatedOnToolsVersion = 13.2.1;
						TestTargetID = 3C4487002791AD2800D1324D;
					};
					3C4487202791AD2900D1324D = {
						CreatedOnToolsVersion = 13.2.1;
						TestTargetID = 3C4487002791AD2800D1324D;
					};
				};
			};
			buildConfigurationList = 3C4486FC2791AD2700D1324D /* Build configuration list for PBXProject "ChatApp" */;
			compatibilityVersion = "Xcode 13.0";
			developmentRegion = en;
			hasScannedForEncodings = 0;
			knownRegions = (
				en,
				Base,
			);
			mainGroup = 3C4486F82791AD2700D1324D;
			packageReferences = (
				3C4487342791AF1A00D1324D /* XCRemoteSwiftPackageReference "ModernRIBs" */,
				3C4487372791AF3300D1324D /* XCRemoteSwiftPackageReference "KarrotFlex" */,
				3C44873A2791B01C00D1324D /* XCRemoteSwiftPackageReference "firebase-ios-sdk" */,
			);
			productRefGroup = 3C4487022791AD2800D1324D /* Products */;
			projectDirPath = "";
			projectRoot = "";
			targets = (
				3C4487002791AD2800D1324D /* ChatApp */,
				3C4487162791AD2900D1324D /* ChatAppTests */,
				3C4487202791AD2900D1324D /* ChatAppUITests */,
			);
		};
/* End PBXProject section */

/* Begin PBXResourcesBuildPhase section */
		3C4486FF2791AD2800D1324D /* Resources */ = {
			isa = PBXResourcesBuildPhase;
			buildActionMask = 2147483647;
			files = (
				3C4487112791AD2900D1324D /* LaunchScreen.storyboard in Resources */,
				3C44870E2791AD2900D1324D /* Assets.xcassets in Resources */,
			);
			runOnlyForDeploymentPostprocessing = 0;
		};
		3C4487152791AD2900D1324D /* Resources */ = {
			isa = PBXResourcesBuildPhase;
			buildActionMask = 2147483647;
			files = (
			);
			runOnlyForDeploymentPostprocessing = 0;
		};
		3C44871F2791AD2900D1324D /* Resources */ = {
			isa = PBXResourcesBuildPhase;
			buildActionMask = 2147483647;
			files = (
			);
			runOnlyForDeploymentPostprocessing = 0;
		};
/* End PBXResourcesBuildPhase section */

/* Begin PBXSourcesBuildPhase section */
		3C4486FD2791AD2800D1324D /* Sources */ = {
			isa = PBXSourcesBuildPhase;
			buildActionMask = 2147483647;
			files = (
				3C4487092791AD2800D1324D /* ViewController.swift in Sources */,
				3C4487052791AD2800D1324D /* AppDelegate.swift in Sources */,
			);
			runOnlyForDeploymentPostprocessing = 0;
		};
		3C4487132791AD2900D1324D /* Sources */ = {
			isa = PBXSourcesBuildPhase;
			buildActionMask = 2147483647;
			files = (
				3C44871C2791AD2900D1324D /* ChatAppTests.swift in Sources */,
			);
			runOnlyForDeploymentPostprocessing = 0;
		};
		3C44871D2791AD2900D1324D /* Sources */ = {
			isa = PBXSourcesBuildPhase;
			buildActionMask = 2147483647;
			files = (
				3C4487282791AD2900D1324D /* ChatAppUITestsLaunchTests.swift in Sources */,
				3C4487262791AD2900D1324D /* ChatAppUITests.swift in Sources */,
			);
			runOnlyForDeploymentPostprocessing = 0;
		};
/* End PBXSourcesBuildPhase section */

/* Begin PBXTargetDependency section */
		3C4487192791AD2900D1324D /* PBXTargetDependency */ = {
			isa = PBXTargetDependency;
			target = 3C4487002791AD2800D1324D /* ChatApp */;
			targetProxy = 3C4487182791AD2900D1324D /* PBXContainerItemProxy */;
		};
		3C4487232791AD2900D1324D /* PBXTargetDependency */ = {
			isa = PBXTargetDependency;
			target = 3C4487002791AD2800D1324D /* ChatApp */;
			targetProxy = 3C4487222791AD2900D1324D /* PBXContainerItemProxy */;
		};
/* End PBXTargetDependency section */

/* Begin PBXVariantGroup section */
		3C44870F2791AD2900D1324D /* LaunchScreen.storyboard */ = {
			isa = PBXVariantGroup;
			children = (
				3C4487102791AD2900D1324D /* Base */,
			);
			name = LaunchScreen.storyboard;
			sourceTree = "<group>";
		};
/* End PBXVariantGroup section */

/* Begin XCBuildConfiguration section */
		3C4487292791AD2900D1324D /* Debug */ = {
			isa = XCBuildConfiguration;
			buildSettings = {
				ALWAYS_SEARCH_USER_PATHS = NO;
				CLANG_ANALYZER_NONNULL = YES;
				CLANG_ANALYZER_NUMBER_OBJECT_CONVERSION = YES_AGGRESSIVE;
				CLANG_CXX_LANGUAGE_STANDARD = "gnu++17";
				CLANG_CXX_LIBRARY = "libc++";
				CLANG_ENABLE_MODULES = YES;
				CLANG_ENABLE_OBJC_ARC = YES;
				CLANG_ENABLE_OBJC_WEAK = YES;
				CLANG_WARN_BLOCK_CAPTURE_AUTORELEASING = YES;
				CLANG_WARN_BOOL_CONVERSION = YES;
				CLANG_WARN_COMMA = YES;
				CLANG_WARN_CONSTANT_CONVERSION = YES;
				CLANG_WARN_DEPRECATED_OBJC_IMPLEMENTATIONS = YES;
				CLANG_WARN_DIRECT_OBJC_ISA_USAGE = YES_ERROR;
				CLANG_WARN_DOCUMENTATION_COMMENTS = YES;
				CLANG_WARN_EMPTY_BODY = YES;
				CLANG_WARN_ENUM_CONVERSION = YES;
				CLANG_WARN_INFINITE_RECURSION = YES;
				CLANG_WARN_INT_CONVERSION = YES;
				CLANG_WARN_NON_LITERAL_NULL_CONVERSION = YES;
				CLANG_WARN_OBJC_IMPLICIT_RETAIN_SELF = YES;
				CLANG_WARN_OBJC_LITERAL_CONVERSION = YES;
				CLANG_WARN_OBJC_ROOT_CLASS = YES_ERROR;
				CLANG_WARN_QUOTED_INCLUDE_IN_FRAMEWORK_HEADER = YES;
				CLANG_WARN_RANGE_LOOP_ANALYSIS = YES;
				CLANG_WARN_STRICT_PROTOTYPES = YES;
				CLANG_WARN_SUSPICIOUS_MOVE = YES;
				CLANG_WARN_UNGUARDED_AVAILABILITY = YES_AGGRESSIVE;
				CLANG_WARN_UNREACHABLE_CODE = YES;
				CLANG_WARN__DUPLICATE_METHOD_MATCH = YES;
				COPY_PHASE_STRIP = NO;
				DEBUG_INFORMATION_FORMAT = dwarf;
				ENABLE_STRICT_OBJC_MSGSEND = YES;
				ENABLE_TESTABILITY = YES;
				GCC_C_LANGUAGE_STANDARD = gnu11;
				GCC_DYNAMIC_NO_PIC = NO;
				GCC_NO_COMMON_BLOCKS = YES;
				GCC_OPTIMIZATION_LEVEL = 0;
				GCC_PREPROCESSOR_DEFINITIONS = (
					"DEBUG=1",
					"$(inherited)",
				);
				GCC_WARN_64_TO_32_BIT_CONVERSION = YES;
				GCC_WARN_ABOUT_RETURN_TYPE = YES_ERROR;
				GCC_WARN_UNDECLARED_SELECTOR = YES;
				GCC_WARN_UNINITIALIZED_AUTOS = YES_AGGRESSIVE;
				GCC_WARN_UNUSED_FUNCTION = YES;
				GCC_WARN_UNUSED_VARIABLE = YES;
				IPHONEOS_DEPLOYMENT_TARGET = 15.2;
				MTL_ENABLE_DEBUG_INFO = INCLUDE_SOURCE;
				MTL_FAST_MATH = YES;
				ONLY_ACTIVE_ARCH = YES;
				SDKROOT = iphoneos;
				SWIFT_ACTIVE_COMPILATION_CONDITIONS = DEBUG;
				SWIFT_OPTIMIZATION_LEVEL = "-Onone";
			};
			name = Debug;
		};
		3C44872A2791AD2900D1324D /* Release */ = {
			isa = XCBuildConfiguration;
			buildSettings = {
				ALWAYS_SEARCH_USER_PATHS = NO;
				CLANG_ANALYZER_NONNULL = YES;
				CLANG_ANALYZER_NUMBER_OBJECT_CONVERSION = YES_AGGRESSIVE;
				CLANG_CXX_LANGUAGE_STANDARD = "gnu++17";
				CLANG_CXX_LIBRARY = "libc++";
				CLANG_ENABLE_MODULES = YES;
				CLANG_ENABLE_OBJC_ARC = YES;
				CLANG_ENABLE_OBJC_WEAK = YES;
				CLANG_WARN_BLOCK_CAPTURE_AUTORELEASING = YES;
				CLANG_WARN_BOOL_CONVERSION = YES;
				CLANG_WARN_COMMA = YES;
				CLANG_WARN_CONSTANT_CONVERSION = YES;
				CLANG_WARN_DEPRECATED_OBJC_IMPLEMENTATIONS = YES;
				CLANG_WARN_DIRECT_OBJC_ISA_USAGE = YES_ERROR;
				CLANG_WARN_DOCUMENTATION_COMMENTS = YES;
				CLANG_WARN_EMPTY_BODY = YES;
				CLANG_WARN_ENUM_CONVERSION = YES;
				CLANG_WARN_INFINITE_RECURSION = YES;
				CLANG_WARN_INT_CONVERSION = YES;
				CLANG_WARN_NON_LITERAL_NULL_CONVERSION = YES;
				CLANG_WARN_OBJC_IMPLICIT_RETAIN_SELF = YES;
				CLANG_WARN_OBJC_LITERAL_CONVERSION = YES;
				CLANG_WARN_OBJC_ROOT_CLASS = YES_ERROR;
				CLANG_WARN_QUOTED_INCLUDE_IN_FRAMEWORK_HEADER = YES;
				CLANG_WARN_RANGE_LOOP_ANALYSIS = YES;
				CLANG_WARN_STRICT_PROTOTYPES = YES;
				CLANG_WARN_SUSPICIOUS_MOVE = YES;
				CLANG_WARN_UNGUARDED_AVAILABILITY = YES_AGGRESSIVE;
				CLANG_WARN_UNREACHABLE_CODE = YES;
				CLANG_WARN__DUPLICATE_METHOD_MATCH = YES;
				COPY_PHASE_STRIP = NO;
				DEBUG_INFORMATION_FORMAT = "dwarf-with-dsym";
				ENABLE_NS_ASSERTIONS = NO;
				ENABLE_STRICT_OBJC_MSGSEND = YES;
				GCC_C_LANGUAGE_STANDARD = gnu11;
				GCC_NO_COMMON_BLOCKS = YES;
				GCC_WARN_64_TO_32_BIT_CONVERSION = YES;
				GCC_WARN_ABOUT_RETURN_TYPE = YES_ERROR;
				GCC_WARN_UNDECLARED_SELECTOR = YES;
				GCC_WARN_UNINITIALIZED_AUTOS = YES_AGGRESSIVE;
				GCC_WARN_UNUSED_FUNCTION = YES;
				GCC_WARN_UNUSED_VARIABLE = YES;
				IPHONEOS_DEPLOYMENT_TARGET = 15.2;
				MTL_ENABLE_DEBUG_INFO = NO;
				MTL_FAST_MATH = YES;
				SDKROOT = iphoneos;
				SWIFT_COMPILATION_MODE = wholemodule;
				SWIFT_OPTIMIZATION_LEVEL = "-O";
				VALIDATE_PRODUCT = YES;
			};
			name = Release;
		};
		3C44872C2791AD2900D1324D /* Debug */ = {
			isa = XCBuildConfiguration;
			buildSettings = {
				ASSETCATALOG_COMPILER_APPICON_NAME = AppIcon;
				ASSETCATALOG_COMPILER_GLOBAL_ACCENT_COLOR_NAME = AccentColor;
				CODE_SIGN_STYLE = Automatic;
				CURRENT_PROJECT_VERSION = 1;
				DEVELOPMENT_TEAM = 3A3ZRRH4GJ;
				GENERATE_INFOPLIST_FILE = YES;
				INFOPLIST_FILE = ChatApp/Info.plist;
				INFOPLIST_KEY_UIApplicationSupportsIndirectInputEvents = YES;
				INFOPLIST_KEY_UILaunchStoryboardName = LaunchScreen;
				INFOPLIST_KEY_UISupportedInterfaceOrientations_iPad = "UIInterfaceOrientationPortrait UIInterfaceOrientationPortraitUpsideDown UIInterfaceOrientationLandscapeLeft UIInterfaceOrientationLandscapeRight";
				INFOPLIST_KEY_UISupportedInterfaceOrientations_iPhone = "UIInterfaceOrientationPortrait UIInterfaceOrientationLandscapeLeft UIInterfaceOrientationLandscapeRight";
				LD_RUNPATH_SEARCH_PATHS = (
					"$(inherited)",
					"@executable_path/Frameworks",
				);
				MARKETING_VERSION = 1.0;
				PRODUCT_BUNDLE_IDENTIFIER = com.hyosungKim.ChatApp;
				PRODUCT_NAME = "$(TARGET_NAME)";
				SWIFT_EMIT_LOC_STRINGS = YES;
				SWIFT_VERSION = 5.0;
				TARGETED_DEVICE_FAMILY = "1,2";
			};
			name = Debug;
		};
		3C44872D2791AD2900D1324D /* Release */ = {
			isa = XCBuildConfiguration;
			buildSettings = {
				ASSETCATALOG_COMPILER_APPICON_NAME = AppIcon;
				ASSETCATALOG_COMPILER_GLOBAL_ACCENT_COLOR_NAME = AccentColor;
				CODE_SIGN_STYLE = Automatic;
				CURRENT_PROJECT_VERSION = 1;
				DEVELOPMENT_TEAM = 3A3ZRRH4GJ;
				GENERATE_INFOPLIST_FILE = YES;
				INFOPLIST_FILE = ChatApp/Info.plist;
				INFOPLIST_KEY_UIApplicationSupportsIndirectInputEvents = YES;
				INFOPLIST_KEY_UILaunchStoryboardName = LaunchScreen;
				INFOPLIST_KEY_UISupportedInterfaceOrientations_iPad = "UIInterfaceOrientationPortrait UIInterfaceOrientationPortraitUpsideDown UIInterfaceOrientationLandscapeLeft UIInterfaceOrientationLandscapeRight";
				INFOPLIST_KEY_UISupportedInterfaceOrientations_iPhone = "UIInterfaceOrientationPortrait UIInterfaceOrientationLandscapeLeft UIInterfaceOrientationLandscapeRight";
				LD_RUNPATH_SEARCH_PATHS = (
					"$(inherited)",
					"@executable_path/Frameworks",
				);
				MARKETING_VERSION = 1.0;
				PRODUCT_BUNDLE_IDENTIFIER = com.hyosungKim.ChatApp;
				PRODUCT_NAME = "$(TARGET_NAME)";
				SWIFT_EMIT_LOC_STRINGS = YES;
				SWIFT_VERSION = 5.0;
				TARGETED_DEVICE_FAMILY = "1,2";
			};
			name = Release;
		};
		3C44872F2791AD2900D1324D /* Debug */ = {
			isa = XCBuildConfiguration;
			buildSettings = {
				ALWAYS_EMBED_SWIFT_STANDARD_LIBRARIES = YES;
				BUNDLE_LOADER = "$(TEST_HOST)";
				CODE_SIGN_STYLE = Automatic;
				CURRENT_PROJECT_VERSION = 1;
				DEVELOPMENT_TEAM = 3A3ZRRH4GJ;
				GENERATE_INFOPLIST_FILE = YES;
				IPHONEOS_DEPLOYMENT_TARGET = 15.2;
				MARKETING_VERSION = 1.0;
				PRODUCT_BUNDLE_IDENTIFIER = com.hyosungKim.ChatAppTests;
				PRODUCT_NAME = "$(TARGET_NAME)";
				SWIFT_EMIT_LOC_STRINGS = NO;
				SWIFT_VERSION = 5.0;
				TARGETED_DEVICE_FAMILY = "1,2";
				TEST_HOST = "$(BUILT_PRODUCTS_DIR)/ChatApp.app/ChatApp";
			};
			name = Debug;
		};
		3C4487302791AD2900D1324D /* Release */ = {
			isa = XCBuildConfiguration;
			buildSettings = {
				ALWAYS_EMBED_SWIFT_STANDARD_LIBRARIES = YES;
				BUNDLE_LOADER = "$(TEST_HOST)";
				CODE_SIGN_STYLE = Automatic;
				CURRENT_PROJECT_VERSION = 1;
				DEVELOPMENT_TEAM = 3A3ZRRH4GJ;
				GENERATE_INFOPLIST_FILE = YES;
				IPHONEOS_DEPLOYMENT_TARGET = 15.2;
				MARKETING_VERSION = 1.0;
				PRODUCT_BUNDLE_IDENTIFIER = com.hyosungKim.ChatAppTests;
				PRODUCT_NAME = "$(TARGET_NAME)";
				SWIFT_EMIT_LOC_STRINGS = NO;
				SWIFT_VERSION = 5.0;
				TARGETED_DEVICE_FAMILY = "1,2";
				TEST_HOST = "$(BUILT_PRODUCTS_DIR)/ChatApp.app/ChatApp";
			};
			name = Release;
		};
		3C4487322791AD2900D1324D /* Debug */ = {
			isa = XCBuildConfiguration;
			buildSettings = {
				ALWAYS_EMBED_SWIFT_STANDARD_LIBRARIES = YES;
				CODE_SIGN_STYLE = Automatic;
				CURRENT_PROJECT_VERSION = 1;
				DEVELOPMENT_TEAM = 3A3ZRRH4GJ;
				GENERATE_INFOPLIST_FILE = YES;
				MARKETING_VERSION = 1.0;
				PRODUCT_BUNDLE_IDENTIFIER = com.hyosungKim.ChatAppUITests;
				PRODUCT_NAME = "$(TARGET_NAME)";
				SWIFT_EMIT_LOC_STRINGS = NO;
				SWIFT_VERSION = 5.0;
				TARGETED_DEVICE_FAMILY = "1,2";
				TEST_TARGET_NAME = ChatApp;
			};
			name = Debug;
		};
		3C4487332791AD2900D1324D /* Release */ = {
			isa = XCBuildConfiguration;
			buildSettings = {
				ALWAYS_EMBED_SWIFT_STANDARD_LIBRARIES = YES;
				CODE_SIGN_STYLE = Automatic;
				CURRENT_PROJECT_VERSION = 1;
				DEVELOPMENT_TEAM = 3A3ZRRH4GJ;
				GENERATE_INFOPLIST_FILE = YES;
				MARKETING_VERSION = 1.0;
				PRODUCT_BUNDLE_IDENTIFIER = com.hyosungKim.ChatAppUITests;
				PRODUCT_NAME = "$(TARGET_NAME)";
				SWIFT_EMIT_LOC_STRINGS = NO;
				SWIFT_VERSION = 5.0;
				TARGETED_DEVICE_FAMILY = "1,2";
				TEST_TARGET_NAME = ChatApp;
			};
			name = Release;
		};
/* End XCBuildConfiguration section */

/* Begin XCConfigurationList section */
		3C4486FC2791AD2700D1324D /* Build configuration list for PBXProject "ChatApp" */ = {
			isa = XCConfigurationList;
			buildConfigurations = (
				3C4487292791AD2900D1324D /* Debug */,
				3C44872A2791AD2900D1324D /* Release */,
			);
			defaultConfigurationIsVisible = 0;
			defaultConfigurationName = Release;
		};
		3C44872B2791AD2900D1324D /* Build configuration list for PBXNativeTarget "ChatApp" */ = {
			isa = XCConfigurationList;
			buildConfigurations = (
				3C44872C2791AD2900D1324D /* Debug */,
				3C44872D2791AD2900D1324D /* Release */,
			);
			defaultConfigurationIsVisible = 0;
			defaultConfigurationName = Release;
		};
		3C44872E2791AD2900D1324D /* Build configuration list for PBXNativeTarget "ChatAppTests" */ = {
			isa = XCConfigurationList;
			buildConfigurations = (
				3C44872F2791AD2900D1324D /* Debug */,
				3C4487302791AD2900D1324D /* Release */,
			);
			defaultConfigurationIsVisible = 0;
			defaultConfigurationName = Release;
		};
		3C4487312791AD2900D1324D /* Build configuration list for PBXNativeTarget "ChatAppUITests" */ = {
			isa = XCConfigurationList;
			buildConfigurations = (
				3C4487322791AD2900D1324D /* Debug */,
				3C4487332791AD2900D1324D /* Release */,
			);
			defaultConfigurationIsVisible = 0;
			defaultConfigurationName = Release;
		};
/* End XCConfigurationList section */

/* Begin XCRemoteSwiftPackageReference section */
		3C4487342791AF1A00D1324D /* XCRemoteSwiftPackageReference "ModernRIBs" */ = {
			isa = XCRemoteSwiftPackageReference;
			repositoryURL = "https://github.com/DevYeom/ModernRIBs";
			requirement = {
				kind = upToNextMajorVersion;
				minimumVersion = 1.0.0;
			};
		};
		3C4487372791AF3300D1324D /* XCRemoteSwiftPackageReference "KarrotFlex" */ = {
			isa = XCRemoteSwiftPackageReference;
			repositoryURL = "https://github.com/daangn/KarrotFlex.git";
			requirement = {
				kind = upToNextMajorVersion;
				minimumVersion = 1.0.0;
			};
		};
		3C44873A2791B01C00D1324D /* XCRemoteSwiftPackageReference "firebase-ios-sdk" */ = {
			isa = XCRemoteSwiftPackageReference;
			repositoryURL = "https://github.com/firebase/firebase-ios-sdk";
			requirement = {
				kind = upToNextMajorVersion;
				minimumVersion = 8.0.0;
			};
		};
/* End XCRemoteSwiftPackageReference section */

/* Begin XCSwiftPackageProductDependency section */
		3C4487352791AF1A00D1324D /* ModernRIBs */ = {
			isa = XCSwiftPackageProductDependency;
			package = 3C4487342791AF1A00D1324D /* XCRemoteSwiftPackageReference "ModernRIBs" */;
			productName = ModernRIBs;
		};
		3C4487382791AF3300D1324D /* KarrotFlex */ = {
			isa = XCSwiftPackageProductDependency;
			package = 3C4487372791AF3300D1324D /* XCRemoteSwiftPackageReference "KarrotFlex" */;
			productName = KarrotFlex;
		};
/* End XCSwiftPackageProductDependency section */
	};
	rootObject = 3C4486F92791AD2700D1324D /* Project object */;
}
